<Solution>
  <Folder Name="/src/">
    <Project Path="src/ExtensionsSyncTool/ExtensionsSyncTool.csproj" />
  </Folder>
  <Folder Name="/src/Common/">
    <Project Path="src/Common/VehicleVision.Pleasanter.ExtensionsTools.Common.csproj" />
  </Folder>
  <Folder Name="/tests/">
    <Project Path="tests/ExtensionsSyncTool.Tests/ExtensionsSyncTool.Tests.csproj" />
  </Folder>
</Solution>
